{
  "name": "@pylonide/v8debug",
  "version": "0.4.0",
  "lockfileVersion": 3,
  "requires": true,
  "packages": {
    "": {
      "name": "@pylonide/v8debug",
      "version": "0.4.0",
      "license": "LGPL-3.0",
      "dependencies": {
        "amd-loader": "~0.0.8"
      },
      "devDependencies": {
        "asyncjs": "~0.0.13"
      },
      "engines": {
        "node": ">= 22.22.2"
      }
    },
    "node_modules/amd-loader": {
      "version": "0.0.8",
      "resolved": "https://registry.npmjs.org/amd-loader/-/amd-loader-0.0.8.tgz",
      "integrity": "sha1-ECKSgEDlZ+jmpvtYvaBS+BkYkgY=",
      "engines": {
        "node": ">= 0.4.11"
      }
    },
    "node_modules/asyncjs": {
      "version": "0.0.13",
      "resolved": "https://registry.npmjs.org/asyncjs/-/asyncjs-0.0.13.tgz",
      "integrity": "sha512-ZwrkJ1zbf+LMmFKbb9DylLdcf30HaJ/6vxv/2Yx0Dt/aW8cxWlwNPlBsPB3WUnu9dpbVzjWgp6ix6DdnecUhwg==",
      "dev": true
    }
  }
}
